
Microsoft Visual Studio Solution File, Format Version 12.00
# Visual Studio Version 17
VisualStudioVersion = 17.14.36310.24 d17.14
MinimumVisualStudioVersion = 10.0.40219.1
Project("{FAE04EC0-301F-11D3-BF4B-00C04F79EFBC}") = "Assignment3", "Assignment3.csproj", "{75754583-2861-4A9A-9840-C62EC7271C8D}"
EndProject
Global
	GlobalSection(SolutionConfigurationPlatforms) = preSolution
		Debug|Any CPU = Debug|Any CPU
		Release|Any CPU = Release|Any CPU
	EndGlobalSection
	GlobalSection(ProjectConfigurationPlatforms) = postSolution
		{75754583-2861-4A9A-9840-C62EC7271C8D}.Debug|Any CPU.ActiveCfg = Debug|Any CPU
		{75754583-2861-4A9A-9840-C62EC7271C8D}.Debug|Any CPU.Build.0 = Debug|Any CPU
		{75754583-2861-4A9A-9840-C62EC7271C8D}.Release|Any CPU.ActiveCfg = Release|Any CPU
		{75754583-2861-4A9A-9840-C62EC7271C8D}.Release|Any CPU.Build.0 = Release|Any CPU
	EndGlobalSection
	GlobalSection(SolutionProperties) = preSolution
		HideSolutionNode = FALSE
	EndGlobalSection
	GlobalSection(ExtensibilityGlobals) = postSolution
		SolutionGuid = {ABCCE60D-D0E1-47FF-8A96-57D9F0F2F09E}
	EndGlobalSection
EndGlobal
